
Microsoft Visual Studio Solution File, Format Version 12.00
# Visual Studio 15
VisualStudioVersion = 15.0.28307.271
MinimumVisualStudioVersion = 10.0.40219.1
Project("{FAE04EC0-301F-11D3-BF4B-00C04F79EFBC}") = "AeropuertosEuropeos", "AeropuertosEuropeos\AeropuertosEuropeos.csproj", "{097D3390-9052-4168-80A0-A8BEC2B6D8EE}"
EndProject
Global
	GlobalSection(SolutionConfigurationPlatforms) = preSolution
		Debug|Any CPU = Debug|Any CPU
		Release|Any CPU = Release|Any CPU
	EndGlobalSection
	GlobalSection(ProjectConfigurationPlatforms) = postSolution
		{097D3390-9052-4168-80A0-A8BEC2B6D8EE}.Debug|Any CPU.ActiveCfg = Debug|Any CPU
		{097D3390-9052-4168-80A0-A8BEC2B6D8EE}.Debug|Any CPU.Build.0 = Debug|Any CPU
		{097D3390-9052-4168-80A0-A8BEC2B6D8EE}.Release|Any CPU.ActiveCfg = Release|Any CPU
		{097D3390-9052-4168-80A0-A8BEC2B6D8EE}.Release|Any CPU.Build.0 = Release|Any CPU
	EndGlobalSection
	GlobalSection(SolutionProperties) = preSolution
		HideSolutionNode = FALSE
	EndGlobalSection
	GlobalSection(ExtensibilityGlobals) = postSolution
		SolutionGuid = {03753718-AB8E-4480-9AA1-23EF2C6F5B50}
	EndGlobalSection
EndGlobal
